
Microsoft Visual Studio Solution File, Format Version 12.00
# Visual Studio Version 17
VisualStudioVersion = 17.3.32819.101
MinimumVisualStudioVersion = 10.0.40219.1
Project("{FAE04EC0-301F-11D3-BF4B-00C04F79EFBC}") = "prySchneiderSP1", "prySchneiderSP1.csproj", "{B44644D6-1EC5-46F0-B63A-0034A02278A9}"
EndProject
Global
	GlobalSection(SolutionConfigurationPlatforms) = preSolution
		Debug|Any CPU = Debug|Any CPU
		Release|Any CPU = Release|Any CPU
	EndGlobalSection
	GlobalSection(ProjectConfigurationPlatforms) = postSolution
		{B44644D6-1EC5-46F0-B63A-0034A02278A9}.Debug|Any CPU.ActiveCfg = Debug|Any CPU
		{B44644D6-1EC5-46F0-B63A-0034A02278A9}.Debug|Any CPU.Build.0 = Debug|Any CPU
		{B44644D6-1EC5-46F0-B63A-0034A02278A9}.Release|Any CPU.ActiveCfg = Release|Any CPU
		{B44644D6-1EC5-46F0-B63A-0034A02278A9}.Release|Any CPU.Build.0 = Release|Any CPU
	EndGlobalSection
	GlobalSection(SolutionProperties) = preSolution
		HideSolutionNode = FALSE
	EndGlobalSection
	GlobalSection(ExtensibilityGlobals) = postSolution
		SolutionGuid = {1768B351-3E42-4D23-95D0-D1BDAA5FE5BB}
	EndGlobalSection
EndGlobal
